// !$*UTF8*$!
{
	archiveVersion = 1;
	classes = {
	};
	objectVersion = 51;
	objects = {

/* Begin PBXBuildFile section */
		2DD8191227CFFB5D00750995 /* Constants.swift in Sources */ = {isa = PBXBuildFile; fileRef = 2DD8191127CFFB5D00750995 /* Constants.swift */; };
		A9EDD481A596B879A3890443 /* Pods_MyGraine.framework in Frameworks */ = {isa = PBXBuildFile; fileRef = 2AEFC80107CEDB3DE23C3AAC /* Pods_MyGraine.framework */; };
		AC3ED27827CFF7C900A4A5D5 /* LoginView.swift in Sources */ = {isa = PBXBuildFile; fileRef = AC3ED27727CFF7C900A4A5D5 /* LoginView.swift */; };
		AC3ED27A27CFF7D100A4A5D5 /* HomeView.swift in Sources */ = {isa = PBXBuildFile; fileRef = AC3ED27927CFF7D100A4A5D5 /* HomeView.swift */; };
		AC3ED27C27CFF7E800A4A5D5 /* SettingsView.swift in Sources */ = {isa = PBXBuildFile; fileRef = AC3ED27B27CFF7E800A4A5D5 /* SettingsView.swift */; };
		AC3ED27E27CFF7F000A4A5D5 /* CalenderView.swift in Sources */ = {isa = PBXBuildFile; fileRef = AC3ED27D27CFF7F000A4A5D5 /* CalenderView.swift */; };
		AC3ED28027CFF7FB00A4A5D5 /* FirebaseFunctions.swift in Sources */ = {isa = PBXBuildFile; fileRef = AC3ED27F27CFF7FB00A4A5D5 /* FirebaseFunctions.swift */; };
		AC3ED28227CFF80400A4A5D5 /* UserInfo.swift in Sources */ = {isa = PBXBuildFile; fileRef = AC3ED28127CFF80400A4A5D5 /* UserInfo.swift */; };
		F314F4A427D8D4DD0094BC68 /* GoogleService-Info.plist in Resources */ = {isa = PBXBuildFile; fileRef = F314F4A327D8D4DD0094BC68 /* GoogleService-Info.plist */; };
		F3246C9927CE9D18002CC31F /* MyGraineApp.swift in Sources */ = {isa = PBXBuildFile; fileRef = F3246C9827CE9D18002CC31F /* MyGraineApp.swift */; };
		F3246C9B27CE9D18002CC31F /* ContentView.swift in Sources */ = {isa = PBXBuildFile; fileRef = F3246C9A27CE9D18002CC31F /* ContentView.swift */; };
		F3246C9D27CE9D1C002CC31F /* Assets.xcassets in Resources */ = {isa = PBXBuildFile; fileRef = F3246C9C27CE9D1C002CC31F /* Assets.xcassets */; };
		F3246CA027CE9D1C002CC31F /* Preview Assets.xcassets in Resources */ = {isa = PBXBuildFile; fileRef = F3246C9F27CE9D1C002CC31F /* Preview Assets.xcassets */; };
		F3246CAB27CE9D1C002CC31F /* MyGraineTests.swift in Sources */ = {isa = PBXBuildFile; fileRef = F3246CAA27CE9D1C002CC31F /* MyGraineTests.swift */; };
		F3246CB627CE9D1C002CC31F /* MyGraineUITests.swift in Sources */ = {isa = PBXBuildFile; fileRef = F3246CB527CE9D1C002CC31F /* MyGraineUITests.swift */; };
/* End PBXBuildFile section */

/* Begin PBXContainerItemProxy section */
		F3246CA727CE9D1C002CC31F /* PBXContainerItemProxy */ = {
			isa = PBXContainerItemProxy;
			containerPortal = F3246C8D27CE9D18002CC31F /* Project object */;
			proxyType = 1;
			remoteGlobalIDString = F3246C9427CE9D18002CC31F;
			remoteInfo = MyGraine;
		};
		F3246CB227CE9D1C002CC31F /* PBXContainerItemProxy */ = {
			isa = PBXContainerItemProxy;
			containerPortal = F3246C8D27CE9D18002CC31F /* Project object */;
			proxyType = 1;
			remoteGlobalIDString = F3246C9427CE9D18002CC31F;
			remoteInfo = MyGraine;
		};
/* End PBXContainerItemProxy section */

/* Begin PBXFileReference section */
		010E0CC2A179FB9084F14F75 /* Pods-MyGraine.debug.xcconfig */ = {isa = PBXFileReference; includeInIndex = 1; lastKnownFileType = text.xcconfig; name = "Pods-MyGraine.debug.xcconfig"; path = "Target Support Files/Pods-MyGraine/Pods-MyGraine.debug.xcconfig"; sourceTree = "<group>"; };
		2AEFC80107CEDB3DE23C3AAC /* Pods_MyGraine.framework */ = {isa = PBXFileReference; explicitFileType = wrapper.framework; includeInIndex = 0; path = Pods_MyGraine.framework; sourceTree = BUILT_PRODUCTS_DIR; };
		2DD8191127CFFB5D00750995 /* Constants.swift */ = {isa = PBXFileReference; lastKnownFileType = sourcecode.swift; path = Constants.swift; sourceTree = "<group>"; };
		90686C4609BB2EEA9FC9CF2E /* Pods-MyGraine.release.xcconfig */ = {isa = PBXFileReference; includeInIndex = 1; lastKnownFileType = text.xcconfig; name = "Pods-MyGraine.release.xcconfig"; path = "Target Support Files/Pods-MyGraine/Pods-MyGraine.release.xcconfig"; sourceTree = "<group>"; };
		AC3ED27727CFF7C900A4A5D5 /* LoginView.swift */ = {isa = PBXFileReference; lastKnownFileType = sourcecode.swift; path = LoginView.swift; sourceTree = "<group>"; };
		AC3ED27927CFF7D100A4A5D5 /* HomeView.swift */ = {isa = PBXFileReference; lastKnownFileType = sourcecode.swift; path = HomeView.swift; sourceTree = "<group>"; };
		AC3ED27B27CFF7E800A4A5D5 /* SettingsView.swift */ = {isa = PBXFileReference; lastKnownFileType = sourcecode.swift; path = SettingsView.swift; sourceTree = "<group>"; };
		AC3ED27D27CFF7F000A4A5D5 /* CalenderView.swift */ = {isa = PBXFileReference; lastKnownFileType = sourcecode.swift; path = CalenderView.swift; sourceTree = "<group>"; };
		AC3ED27F27CFF7FB00A4A5D5 /* FirebaseFunctions.swift */ = {isa = PBXFileReference; lastKnownFileType = sourcecode.swift; path = FirebaseFunctions.swift; sourceTree = "<group>"; };
		AC3ED28127CFF80400A4A5D5 /* UserInfo.swift */ = {isa = PBXFileReference; lastKnownFileType = sourcecode.swift; path = UserInfo.swift; sourceTree = "<group>"; };
		F314F4A327D8D4DD0094BC68 /* GoogleService-Info.plist */ = {isa = PBXFileReference; fileEncoding = 4; lastKnownFileType = text.plist.xml; name = "GoogleService-Info.plist"; path = "../../../../Downloads/GoogleService-Info.plist"; sourceTree = "<group>"; };
		F3246C9527CE9D18002CC31F /* MyGraine.app */ = {isa = PBXFileReference; explicitFileType = wrapper.application; includeInIndex = 0; path = MyGraine.app; sourceTree = BUILT_PRODUCTS_DIR; };
		F3246C9827CE9D18002CC31F /* MyGraineApp.swift */ = {isa = PBXFileReference; lastKnownFileType = sourcecode.swift; path = MyGraineApp.swift; sourceTree = "<group>"; };
		F3246C9A27CE9D18002CC31F /* ContentView.swift */ = {isa = PBXFileReference; lastKnownFileType = sourcecode.swift; path = ContentView.swift; sourceTree = "<group>"; };
		F3246C9C27CE9D1C002CC31F /* Assets.xcassets */ = {isa = PBXFileReference; lastKnownFileType = folder.assetcatalog; path = Assets.xcassets; sourceTree = "<group>"; };
		F3246C9F27CE9D1C002CC31F /* Preview Assets.xcassets */ = {isa = PBXFileReference; lastKnownFileType = folder.assetcatalog; path = "Preview Assets.xcassets"; sourceTree = "<group>"; };
		F3246CA127CE9D1C002CC31F /* Info.plist */ = {isa = PBXFileReference; lastKnownFileType = text.plist.xml; path = Info.plist; sourceTree = "<group>"; };
		F3246CA627CE9D1C002CC31F /* MyGraineTests.xctest */ = {isa = PBXFileReference; explicitFileType = wrapper.cfbundle; includeInIndex = 0; path = MyGraineTests.xctest; sourceTree = BUILT_PRODUCTS_DIR; };
		F3246CAA27CE9D1C002CC31F /* MyGraineTests.swift */ = {isa = PBXFileReference; lastKnownFileType = sourcecode.swift; path = MyGraineTests.swift; sourceTree = "<group>"; };
		F3246CAC27CE9D1C002CC31F /* Info.plist */ = {isa = PBXFileReference; lastKnownFileType = text.plist.xml; path = Info.plist; sourceTree = "<group>"; };
		F3246CB127CE9D1C002CC31F /* MyGraineUITests.xctest */ = {isa = PBXFileReference; explicitFileType = wrapper.cfbundle; includeInIndex = 0; path = MyGraineUITests.xctest; sourceTree = BUILT_PRODUCTS_DIR; };
		F3246CB527CE9D1C002CC31F /* MyGraineUITests.swift */ = {isa = PBXFileReference; lastKnownFileType = sourcecode.swift; path = MyGraineUITests.swift; sourceTree = "<group>"; };
		F3246CB727CE9D1C002CC31F /* Info.plist */ = {isa = PBXFileReference; lastKnownFileType = text.plist.xml; path = Info.plist; sourceTree = "<group>"; };
/* End PBXFileReference section */

/* Begin PBXFrameworksBuildPhase section */
		F3246C9227CE9D18002CC31F /* Frameworks */ = {
			isa = PBXFrameworksBuildPhase;
			buildActionMask = 2147483647;
			files = (
				A9EDD481A596B879A3890443 /* Pods_MyGraine.framework in Frameworks */,
			);
			runOnlyForDeploymentPostprocessing = 0;
		};
		F3246CA327CE9D1C002CC31F /* Frameworks */ = {
			isa = PBXFrameworksBuildPhase;
			buildActionMask = 2147483647;
			files = (
			);
			runOnlyForDeploymentPostprocessing = 0;
		};
		F3246CAE27CE9D1C002CC31F /* Frameworks */ = {
			isa = PBXFrameworksBuildPhase;
			buildActionMask = 2147483647;
			files = (
			);
			runOnlyForDeploymentPostprocessing = 0;
		};
/* End PBXFrameworksBuildPhase section */

/* Begin PBXGroup section */
		6EF79CCC0FC4DCA5CF9F00B5 /* Frameworks */ = {
			isa = PBXGroup;
			children = (
				2AEFC80107CEDB3DE23C3AAC /* Pods_MyGraine.framework */,
			);
			name = Frameworks;
			sourceTree = "<group>";
		};
		AC3ED27527CFF7A800A4A5D5 /* Model */ = {
			isa = PBXGroup;
			children = (
				AC3ED27F27CFF7FB00A4A5D5 /* FirebaseFunctions.swift */,
				AC3ED28127CFF80400A4A5D5 /* UserInfo.swift */,
				2DD8191127CFFB5D00750995 /* Constants.swift */,
			);
			path = Model;
			sourceTree = "<group>";
		};
		AC3ED27627CFF7AD00A4A5D5 /* Views */ = {
			isa = PBXGroup;
			children = (
				F3246C9A27CE9D18002CC31F /* ContentView.swift */,
				AC3ED27727CFF7C900A4A5D5 /* LoginView.swift */,
				AC3ED27927CFF7D100A4A5D5 /* HomeView.swift */,
				AC3ED27B27CFF7E800A4A5D5 /* SettingsView.swift */,
				AC3ED27D27CFF7F000A4A5D5 /* CalenderView.swift */,
			);
			path = Views;
			sourceTree = "<group>";
		};
		D21E8A6678B9496EFF50994E /* Pods */ = {
			isa = PBXGroup;
			children = (
				010E0CC2A179FB9084F14F75 /* Pods-MyGraine.debug.xcconfig */,
				90686C4609BB2EEA9FC9CF2E /* Pods-MyGraine.release.xcconfig */,
			);
			path = Pods;
			sourceTree = "<group>";
		};
		F3246C8C27CE9D18002CC31F = {
			isa = PBXGroup;
			children = (
				F3246C9727CE9D18002CC31F /* MyGraine */,
				F3246CA927CE9D1C002CC31F /* MyGraineTests */,
				F3246CB427CE9D1C002CC31F /* MyGraineUITests */,
				F3246C9627CE9D18002CC31F /* Products */,
				D21E8A6678B9496EFF50994E /* Pods */,
				6EF79CCC0FC4DCA5CF9F00B5 /* Frameworks */,
			);
			sourceTree = "<group>";
		};
		F3246C9627CE9D18002CC31F /* Products */ = {
			isa = PBXGroup;
			children = (
				F3246C9527CE9D18002CC31F /* MyGraine.app */,
				F3246CA627CE9D1C002CC31F /* MyGraineTests.xctest */,
				F3246CB127CE9D1C002CC31F /* MyGraineUITests.xctest */,
			);
			name = Products;
			sourceTree = "<group>";
		};
		F3246C9727CE9D18002CC31F /* MyGraine */ = {
			isa = PBXGroup;
			children = (
				F3246C9827CE9D18002CC31F /* MyGraineApp.swift */,
				AC3ED27627CFF7AD00A4A5D5 /* Views */,
				AC3ED27527CFF7A800A4A5D5 /* Model */,
				F3246C9C27CE9D1C002CC31F /* Assets.xcassets */,
				F3246CA127CE9D1C002CC31F /* Info.plist */,
				F314F4A327D8D4DD0094BC68 /* GoogleService-Info.plist */,
				F3246C9E27CE9D1C002CC31F /* Preview Content */,
			);
			path = MyGraine;
			sourceTree = "<group>";
		};
		F3246C9E27CE9D1C002CC31F /* Preview Content */ = {
			isa = PBXGroup;
			children = (
				F3246C9F27CE9D1C002CC31F /* Preview Assets.xcassets */,
			);
			path = "Preview Content";
			sourceTree = "<group>";
		};
		F3246CA927CE9D1C002CC31F /* MyGraineTests */ = {
			isa = PBXGroup;
			children = (
				F3246CAA27CE9D1C002CC31F /* MyGraineTests.swift */,
				F3246CAC27CE9D1C002CC31F /* Info.plist */,
			);
			path = MyGraineTests;
			sourceTree = "<group>";
		};
		F3246CB427CE9D1C002CC31F /* MyGraineUITests */ = {
			isa = PBXGroup;
			children = (
				F3246CB527CE9D1C002CC31F /* MyGraineUITests.swift */,
				F3246CB727CE9D1C002CC31F /* Info.plist */,
			);
			path = MyGraineUITests;
			sourceTree = "<group>";
		};
/* End PBXGroup section */

/* Begin PBXNativeTarget section */
		F3246C9427CE9D18002CC31F /* MyGraine */ = {
			isa = PBXNativeTarget;
			buildConfigurationList = F3246CBA27CE9D1C002CC31F /* Build configuration list for PBXNativeTarget "MyGraine" */;
			buildPhases = (
				7418087CE61A70563EB015A7 /* [CP] Check Pods Manifest.lock */,
				F3246C9127CE9D18002CC31F /* Sources */,
				F3246C9227CE9D18002CC31F /* Frameworks */,
				F3246C9327CE9D18002CC31F /* Resources */,
				837AB98859E05E5B675A7249 /* [CP] Embed Pods Frameworks */,
			);
			buildRules = (
			);
			dependencies = (
			);
			name = MyGraine;
			productName = MyGraine;
			productReference = F3246C9527CE9D18002CC31F /* MyGraine.app */;
			productType = "com.apple.product-type.application";
		};
		F3246CA527CE9D1C002CC31F /* MyGraineTests */ = {
			isa = PBXNativeTarget;
			buildConfigurationList = F3246CBD27CE9D1C002CC31F /* Build configuration list for PBXNativeTarget "MyGraineTests" */;
			buildPhases = (
				F3246CA227CE9D1C002CC31F /* Sources */,
				F3246CA327CE9D1C002CC31F /* Frameworks */,
				F3246CA427CE9D1C002CC31F /* Resources */,
			);
			buildRules = (
			);
			dependencies = (
				F3246CA827CE9D1C002CC31F /* PBXTargetDependency */,
			);
			name = MyGraineTests;
			productName = MyGraineTests;
			productReference = F3246CA627CE9D1C002CC31F /* MyGraineTests.xctest */;
			productType = "com.apple.product-type.bundle.unit-test";
		};
		F3246CB027CE9D1C002CC31F /* MyGraineUITests */ = {
			isa = PBXNativeTarget;
			buildConfigurationList = F3246CC027CE9D1C002CC31F /* Build configuration list for PBXNativeTarget "MyGraineUITests" */;
			buildPhases = (
				F3246CAD27CE9D1C002CC31F /* Sources */,
				F3246CAE27CE9D1C002CC31F /* Frameworks */,
				F3246CAF27CE9D1C002CC31F /* Resources */,
			);
			buildRules = (
			);
			dependencies = (
				F3246CB327CE9D1C002CC31F /* PBXTargetDependency */,
			);
			name = MyGraineUITests;
			productName = MyGraineUITests;
			productReference = F3246CB127CE9D1C002CC31F /* MyGraineUITests.xctest */;
			productType = "com.apple.product-type.bundle.ui-testing";
		};
/* End PBXNativeTarget section */

/* Begin PBXProject section */
		F3246C8D27CE9D18002CC31F /* Project object */ = {
			isa = PBXProject;
			attributes = {
				LastSwiftUpdateCheck = 1250;
				LastUpgradeCheck = 1250;
				TargetAttributes = {
					F3246C9427CE9D18002CC31F = {
						CreatedOnToolsVersion = 12.5;
					};
					F3246CA527CE9D1C002CC31F = {
						CreatedOnToolsVersion = 12.5;
						TestTargetID = F3246C9427CE9D18002CC31F;
					};
					F3246CB027CE9D1C002CC31F = {
						CreatedOnToolsVersion = 12.5;
						TestTargetID = F3246C9427CE9D18002CC31F;
					};
				};
			};
			buildConfigurationList = F3246C9027CE9D18002CC31F /* Build configuration list for PBXProject "MyGraine" */;
			compatibilityVersion = "Xcode 9.3";
			developmentRegion = en;
			hasScannedForEncodings = 0;
			knownRegions = (
				en,
				Base,
			);
			mainGroup = F3246C8C27CE9D18002CC31F;
			productRefGroup = F3246C9627CE9D18002CC31F /* Products */;
			projectDirPath = "";
			projectRoot = "";
			targets = (
				F3246C9427CE9D18002CC31F /* MyGraine */,
				F3246CA527CE9D1C002CC31F /* MyGraineTests */,
				F3246CB027CE9D1C002CC31F /* MyGraineUITests */,
			);
		};
/* End PBXProject section */

/* Begin PBXResourcesBuildPhase section */
		F3246C9327CE9D18002CC31F /* Resources */ = {
			isa = PBXResourcesBuildPhase;
			buildActionMask = 2147483647;
			files = (
				F3246CA027CE9D1C002CC31F /* Preview Assets.xcassets in Resources */,
				F3246C9D27CE9D1C002CC31F /* Assets.xcassets in Resources */,
				F314F4A427D8D4DD0094BC68 /* GoogleService-Info.plist in Resources */,
			);
			runOnlyForDeploymentPostprocessing = 0;
		};
		F3246CA427CE9D1C002CC31F /* Resources */ = {
			isa = PBXResourcesBuildPhase;
			buildActionMask = 2147483647;
			files = (
			);
			runOnlyForDeploymentPostprocessing = 0;
		};
		F3246CAF27CE9D1C002CC31F /* Resources */ = {
			isa = PBXResourcesBuildPhase;
			buildActionMask = 2147483647;
			files = (
			);
			runOnlyForDeploymentPostprocessing = 0;
		};
/* End PBXResourcesBuildPhase section */

/* Begin PBXShellScriptBuildPhase section */
		7418087CE61A70563EB015A7 /* [CP] Check Pods Manifest.lock */ = {
			isa = PBXShellScriptBuildPhase;
			buildActionMask = 2147483647;
			files = (
			);
			inputFileListPaths = (
			);
			inputPaths = (
				"${PODS_PODFILE_DIR_PATH}/Podfile.lock",
				"${PODS_ROOT}/Manifest.lock",
			);
			name = "[CP] Check Pods Manifest.lock";
			outputFileListPaths = (
			);
			outputPaths = (
				"$(DERIVED_FILE_DIR)/Pods-MyGraine-checkManifestLockResult.txt",
			);
			runOnlyForDeploymentPostprocessing = 0;
			shellPath = /bin/sh;
			shellScript = "diff \"${PODS_PODFILE_DIR_PATH}/Podfile.lock\" \"${PODS_ROOT}/Manifest.lock\" > /dev/null\nif [ $? != 0 ] ; then\n    # print error to STDERR\n    echo \"error: The sandbox is not in sync with the Podfile.lock. Run 'pod install' or update your CocoaPods installation.\" >&2\n    exit 1\nfi\n# This output is used by Xcode 'outputs' to avoid re-running this script phase.\necho \"SUCCESS\" > \"${SCRIPT_OUTPUT_FILE_0}\"\n";
			showEnvVarsInLog = 0;
		};
		837AB98859E05E5B675A7249 /* [CP] Embed Pods Frameworks */ = {
			isa = PBXShellScriptBuildPhase;
			buildActionMask = 2147483647;
			files = (
			);
			inputFileListPaths = (
				"${PODS_ROOT}/Target Support Files/Pods-MyGraine/Pods-MyGraine-frameworks-${CONFIGURATION}-input-files.xcfilelist",
			);
			name = "[CP] Embed Pods Frameworks";
			outputFileListPaths = (
				"${PODS_ROOT}/Target Support Files/Pods-MyGraine/Pods-MyGraine-frameworks-${CONFIGURATION}-output-files.xcfilelist",
			);
			runOnlyForDeploymentPostprocessing = 0;
			shellPath = /bin/sh;
			shellScript = "\"${PODS_ROOT}/Target Support Files/Pods-MyGraine/Pods-MyGraine-frameworks.sh\"\n";
			showEnvVarsInLog = 0;
		};
/* End PBXShellScriptBuildPhase section */

/* Begin PBXSourcesBuildPhase section */
		F3246C9127CE9D18002CC31F /* Sources */ = {
			isa = PBXSourcesBuildPhase;
			buildActionMask = 2147483647;
			files = (
				AC3ED27C27CFF7E800A4A5D5 /* SettingsView.swift in Sources */,
				AC3ED28027CFF7FB00A4A5D5 /* FirebaseFunctions.swift in Sources */,
				AC3ED27827CFF7C900A4A5D5 /* LoginView.swift in Sources */,
				AC3ED27E27CFF7F000A4A5D5 /* CalenderView.swift in Sources */,
				AC3ED28227CFF80400A4A5D5 /* UserInfo.swift in Sources */,
				AC3ED27A27CFF7D100A4A5D5 /* HomeView.swift in Sources */,
				F3246C9B27CE9D18002CC31F /* ContentView.swift in Sources */,
				F3246C9927CE9D18002CC31F /* MyGraineApp.swift in Sources */,
				2DD8191227CFFB5D00750995 /* Constants.swift in Sources */,
			);
			runOnlyForDeploymentPostprocessing = 0;
		};
		F3246CA227CE9D1C002CC31F /* Sources */ = {
			isa = PBXSourcesBuildPhase;
			buildActionMask = 2147483647;
			files = (
				F3246CAB27CE9D1C002CC31F /* MyGraineTests.swift in Sources */,
			);
			runOnlyForDeploymentPostprocessing = 0;
		};
		F3246CAD27CE9D1C002CC31F /* Sources */ = {
			isa = PBXSourcesBuildPhase;
			buildActionMask = 2147483647;
			files = (
				F3246CB627CE9D1C002CC31F /* MyGraineUITests.swift in Sources */,
			);
			runOnlyForDeploymentPostprocessing = 0;
		};
/* End PBXSourcesBuildPhase section */

/* Begin PBXTargetDependency section */
		F3246CA827CE9D1C002CC31F /* PBXTargetDependency */ = {
			isa = PBXTargetDependency;
			target = F3246C9427CE9D18002CC31F /* MyGraine */;
			targetProxy = F3246CA727CE9D1C002CC31F /* PBXContainerItemProxy */;
		};
		F3246CB327CE9D1C002CC31F /* PBXTargetDependency */ = {
			isa = PBXTargetDependency;
			target = F3246C9427CE9D18002CC31F /* MyGraine */;
			targetProxy = F3246CB227CE9D1C002CC31F /* PBXContainerItemProxy */;
		};
/* End PBXTargetDependency section */

/* Begin XCBuildConfiguration section */
		F3246CB827CE9D1C002CC31F /* Debug */ = {
			isa = XCBuildConfiguration;
			buildSettings = {
				ALWAYS_SEARCH_USER_PATHS = NO;
				CLANG_ANALYZER_NONNULL = YES;
				CLANG_ANALYZER_NUMBER_OBJECT_CONVERSION = YES_AGGRESSIVE;
				CLANG_CXX_LANGUAGE_STANDARD = "gnu++14";
				CLANG_CXX_LIBRARY = "libc++";
				CLANG_ENABLE_MODULES = YES;
				CLANG_ENABLE_OBJC_ARC = YES;
				CLANG_ENABLE_OBJC_WEAK = YES;
				CLANG_WARN_BLOCK_CAPTURE_AUTORELEASING = YES;
				CLANG_WARN_BOOL_CONVERSION = YES;
				CLANG_WARN_COMMA = YES;
				CLANG_WARN_CONSTANT_CONVERSION = YES;
				CLANG_WARN_DEPRECATED_OBJC_IMPLEMENTATIONS = YES;
				CLANG_WARN_DIRECT_OBJC_ISA_USAGE = YES_ERROR;
				CLANG_WARN_DOCUMENTATION_COMMENTS = YES;
				CLANG_WARN_EMPTY_BODY = YES;
				CLANG_WARN_ENUM_CONVERSION = YES;
				CLANG_WARN_INFINITE_RECURSION = YES;
				CLANG_WARN_INT_CONVERSION = YES;
				CLANG_WARN_NON_LITERAL_NULL_CONVERSION = YES;
				CLANG_WARN_OBJC_IMPLICIT_RETAIN_SELF = YES;
				CLANG_WARN_OBJC_LITERAL_CONVERSION = YES;
				CLANG_WARN_OBJC_ROOT_CLASS = YES_ERROR;
				CLANG_WARN_QUOTED_INCLUDE_IN_FRAMEWORK_HEADER = YES;
				CLANG_WARN_RANGE_LOOP_ANALYSIS = YES;
				CLANG_WARN_STRICT_PROTOTYPES = YES;
				CLANG_WARN_SUSPICIOUS_MOVE = YES;
				CLANG_WARN_UNGUARDED_AVAILABILITY = YES_AGGRESSIVE;
				CLANG_WARN_UNREACHABLE_CODE = YES;
				CLANG_WARN__DUPLICATE_METHOD_MATCH = YES;
				COPY_PHASE_STRIP = NO;
				DEBUG_INFORMATION_FORMAT = dwarf;
				ENABLE_STRICT_OBJC_MSGSEND = YES;
				ENABLE_TESTABILITY = YES;
				GCC_C_LANGUAGE_STANDARD = gnu11;
				GCC_DYNAMIC_NO_PIC = NO;
				GCC_NO_COMMON_BLOCKS = YES;
				GCC_OPTIMIZATION_LEVEL = 0;
				GCC_PREPROCESSOR_DEFINITIONS = (
					"DEBUG=1",
					"$(inherited)",
				);
				GCC_WARN_64_TO_32_BIT_CONVERSION = YES;
				GCC_WARN_ABOUT_RETURN_TYPE = YES_ERROR;
				GCC_WARN_UNDECLARED_SELECTOR = YES;
				GCC_WARN_UNINITIALIZED_AUTOS = YES_AGGRESSIVE;
				GCC_WARN_UNUSED_FUNCTION = YES;
				GCC_WARN_UNUSED_VARIABLE = YES;
				IPHONEOS_DEPLOYMENT_TARGET = 14.5;
				MTL_ENABLE_DEBUG_INFO = INCLUDE_SOURCE;
				MTL_FAST_MATH = YES;
				ONLY_ACTIVE_ARCH = YES;
				SDKROOT = iphoneos;
				SWIFT_ACTIVE_COMPILATION_CONDITIONS = DEBUG;
				SWIFT_OPTIMIZATION_LEVEL = "-Onone";
			};
			name = Debug;
		};
		F3246CB927CE9D1C002CC31F /* Release */ = {
			isa = XCBuildConfiguration;
			buildSettings = {
				ALWAYS_SEARCH_USER_PATHS = NO;
				CLANG_ANALYZER_NONNULL = YES;
				CLANG_ANALYZER_NUMBER_OBJECT_CONVERSION = YES_AGGRESSIVE;
				CLANG_CXX_LANGUAGE_STANDARD = "gnu++14";
				CLANG_CXX_LIBRARY = "libc++";
				CLANG_ENABLE_MODULES = YES;
				CLANG_ENABLE_OBJC_ARC = YES;
				CLANG_ENABLE_OBJC_WEAK = YES;
				CLANG_WARN_BLOCK_CAPTURE_AUTORELEASING = YES;
				CLANG_WARN_BOOL_CONVERSION = YES;
				CLANG_WARN_COMMA = YES;
				CLANG_WARN_CONSTANT_CONVERSION = YES;
				CLANG_WARN_DEPRECATED_OBJC_IMPLEMENTATIONS = YES;
				CLANG_WARN_DIRECT_OBJC_ISA_USAGE = YES_ERROR;
				CLANG_WARN_DOCUMENTATION_COMMENTS = YES;
				CLANG_WARN_EMPTY_BODY = YES;
				CLANG_WARN_ENUM_CONVERSION = YES;
				CLANG_WARN_INFINITE_RECURSION = YES;
				CLANG_WARN_INT_CONVERSION = YES;
				CLANG_WARN_NON_LITERAL_NULL_CONVERSION = YES;
				CLANG_WARN_OBJC_IMPLICIT_RETAIN_SELF = YES;
				CLANG_WARN_OBJC_LITERAL_CONVERSION = YES;
				CLANG_WARN_OBJC_ROOT_CLASS = YES_ERROR;
				CLANG_WARN_QUOTED_INCLUDE_IN_FRAMEWORK_HEADER = YES;
				CLANG_WARN_RANGE_LOOP_ANALYSIS = YES;
				CLANG_WARN_STRICT_PROTOTYPES = YES;
				CLANG_WARN_SUSPICIOUS_MOVE = YES;
				CLANG_WARN_UNGUARDED_AVAILABILITY = YES_AGGRESSIVE;
				CLANG_WARN_UNREACHABLE_CODE = YES;
				CLANG_WARN__DUPLICATE_METHOD_MATCH = YES;
				COPY_PHASE_STRIP = NO;
				DEBUG_INFORMATION_FORMAT = "dwarf-with-dsym";
				ENABLE_NS_ASSERTIONS = NO;
				ENABLE_STRICT_OBJC_MSGSEND = YES;
				GCC_C_LANGUAGE_STANDARD = gnu11;
				GCC_NO_COMMON_BLOCKS = YES;
				GCC_WARN_64_TO_32_BIT_CONVERSION = YES;
				GCC_WARN_ABOUT_RETURN_TYPE = YES_ERROR;
				GCC_WARN_UNDECLARED_SELECTOR = YES;
				GCC_WARN_UNINITIALIZED_AUTOS = YES_AGGRESSIVE;
				GCC_WARN_UNUSED_FUNCTION = YES;
				GCC_WARN_UNUSED_VARIABLE = YES;
				IPHONEOS_DEPLOYMENT_TARGET = 14.5;
				MTL_ENABLE_DEBUG_INFO = NO;
				MTL_FAST_MATH = YES;
				SDKROOT = iphoneos;
				SWIFT_COMPILATION_MODE = wholemodule;
				SWIFT_OPTIMIZATION_LEVEL = "-O";
				VALIDATE_PRODUCT = YES;
			};
			name = Release;
		};
		F3246CBB27CE9D1C002CC31F /* Debug */ = {
			isa = XCBuildConfiguration;
			baseConfigurationReference = 010E0CC2A179FB9084F14F75 /* Pods-MyGraine.debug.xcconfig */;
			buildSettings = {
				ASSETCATALOG_COMPILER_APPICON_NAME = AppIcon;
				ASSETCATALOG_COMPILER_GLOBAL_ACCENT_COLOR_NAME = AccentColor;
				CODE_SIGN_STYLE = Automatic;
				DEVELOPMENT_ASSET_PATHS = "\"MyGraine/Preview Content\"";
				ENABLE_PREVIEWS = YES;
				INFOPLIST_FILE = MyGraine/Info.plist;
				IPHONEOS_DEPLOYMENT_TARGET = 14.0;
				LD_RUNPATH_SEARCH_PATHS = (
					"$(inherited)",
					"@executable_path/Frameworks",
				);
				PRODUCT_BUNDLE_IDENTIFIER = "D-D-Dream.MyGraine";
				PRODUCT_NAME = "$(TARGET_NAME)";
				SWIFT_VERSION = 5.0;
				TARGETED_DEVICE_FAMILY = "1,2";
			};
			name = Debug;
		};
		F3246CBC27CE9D1C002CC31F /* Release */ = {
			isa = XCBuildConfiguration;
			baseConfigurationReference = 90686C4609BB2EEA9FC9CF2E /* Pods-MyGraine.release.xcconfig */;
			buildSettings = {
				ASSETCATALOG_COMPILER_APPICON_NAME = AppIcon;
				ASSETCATALOG_COMPILER_GLOBAL_ACCENT_COLOR_NAME = AccentColor;
				CODE_SIGN_STYLE = Automatic;
				DEVELOPMENT_ASSET_PATHS = "\"MyGraine/Preview Content\"";
				ENABLE_PREVIEWS = YES;
				INFOPLIST_FILE = MyGraine/Info.plist;
				IPHONEOS_DEPLOYMENT_TARGET = 14.0;
				LD_RUNPATH_SEARCH_PATHS = (
					"$(inherited)",
					"@executable_path/Frameworks",
				);
				PRODUCT_BUNDLE_IDENTIFIER = "D-D-Dream.MyGraine";
				PRODUCT_NAME = "$(TARGET_NAME)";
				SWIFT_VERSION = 5.0;
				TARGETED_DEVICE_FAMILY = "1,2";
			};
			name = Release;
		};
		F3246CBE27CE9D1C002CC31F /* Debug */ = {
			isa = XCBuildConfiguration;
			buildSettings = {
				ALWAYS_EMBED_SWIFT_STANDARD_LIBRARIES = YES;
				BUNDLE_LOADER = "$(TEST_HOST)";
				CODE_SIGN_STYLE = Automatic;
				INFOPLIST_FILE = MyGraineTests/Info.plist;
				IPHONEOS_DEPLOYMENT_TARGET = 14.0;
				LD_RUNPATH_SEARCH_PATHS = (
					"$(inherited)",
					"@executable_path/Frameworks",
					"@loader_path/Frameworks",
				);
				PRODUCT_BUNDLE_IDENTIFIER = "D-D-Dream.MyGraineTests";
				PRODUCT_NAME = "$(TARGET_NAME)";
				SWIFT_VERSION = 5.0;
				TARGETED_DEVICE_FAMILY = "1,2";
				TEST_HOST = "$(BUILT_PRODUCTS_DIR)/MyGraine.app/MyGraine";
			};
			name = Debug;
		};
		F3246CBF27CE9D1C002CC31F /* Release */ = {
			isa = XCBuildConfiguration;
			buildSettings = {
				ALWAYS_EMBED_SWIFT_STANDARD_LIBRARIES = YES;
				BUNDLE_LOADER = "$(TEST_HOST)";
				CODE_SIGN_STYLE = Automatic;
				INFOPLIST_FILE = MyGraineTests/Info.plist;
				IPHONEOS_DEPLOYMENT_TARGET = 14.0;
				LD_RUNPATH_SEARCH_PATHS = (
					"$(inherited)",
					"@executable_path/Frameworks",
					"@loader_path/Frameworks",
				);
				PRODUCT_BUNDLE_IDENTIFIER = "D-D-Dream.MyGraineTests";
				PRODUCT_NAME = "$(TARGET_NAME)";
				SWIFT_VERSION = 5.0;
				TARGETED_DEVICE_FAMILY = "1,2";
				TEST_HOST = "$(BUILT_PRODUCTS_DIR)/MyGraine.app/MyGraine";
			};
			name = Release;
		};
		F3246CC127CE9D1C002CC31F /* Debug */ = {
			isa = XCBuildConfiguration;
			buildSettings = {
				ALWAYS_EMBED_SWIFT_STANDARD_LIBRARIES = YES;
				CODE_SIGN_STYLE = Automatic;
				INFOPLIST_FILE = MyGraineUITests/Info.plist;
				LD_RUNPATH_SEARCH_PATHS = (
					"$(inherited)",
					"@executable_path/Frameworks",
					"@loader_path/Frameworks",
				);
				PRODUCT_BUNDLE_IDENTIFIER = "D-D-Dream.MyGraineUITests";
				PRODUCT_NAME = "$(TARGET_NAME)";
				SWIFT_VERSION = 5.0;
				TARGETED_DEVICE_FAMILY = "1,2";
				TEST_TARGET_NAME = MyGraine;
			};
			name = Debug;
		};
		F3246CC227CE9D1C002CC31F /* Release */ = {
			isa = XCBuildConfiguration;
			buildSettings = {
				ALWAYS_EMBED_SWIFT_STANDARD_LIBRARIES = YES;
				CODE_SIGN_STYLE = Automatic;
				INFOPLIST_FILE = MyGraineUITests/Info.plist;
				LD_RUNPATH_SEARCH_PATHS = (
					"$(inherited)",
					"@executable_path/Frameworks",
					"@loader_path/Frameworks",
				);
				PRODUCT_BUNDLE_IDENTIFIER = "D-D-Dream.MyGraineUITests";
				PRODUCT_NAME = "$(TARGET_NAME)";
				SWIFT_VERSION = 5.0;
				TARGETED_DEVICE_FAMILY = "1,2";
				TEST_TARGET_NAME = MyGraine;
			};
			name = Release;
		};
/* End XCBuildConfiguration section */

/* Begin XCConfigurationList section */
		F3246C9027CE9D18002CC31F /* Build configuration list for PBXProject "MyGraine" */ = {
			isa = XCConfigurationList;
			buildConfigurations = (
				F3246CB827CE9D1C002CC31F /* Debug */,
				F3246CB927CE9D1C002CC31F /* Release */,
			);
			defaultConfigurationIsVisible = 0;
			defaultConfigurationName = Release;
		};
		F3246CBA27CE9D1C002CC31F /* Build configuration list for PBXNativeTarget "MyGraine" */ = {
			isa = XCConfigurationList;
			buildConfigurations = (
				F3246CBB27CE9D1C002CC31F /* Debug */,
				F3246CBC27CE9D1C002CC31F /* Release */,
			);
			defaultConfigurationIsVisible = 0;
			defaultConfigurationName = Release;
		};
		F3246CBD27CE9D1C002CC31F /* Build configuration list for PBXNativeTarget "MyGraineTests" */ = {
			isa = XCConfigurationList;
			buildConfigurations = (
				F3246CBE27CE9D1C002CC31F /* Debug */,
				F3246CBF27CE9D1C002CC31F /* Release */,
			);
			defaultConfigurationIsVisible = 0;
			defaultConfigurationName = Release;
		};
		F3246CC027CE9D1C002CC31F /* Build configuration list for PBXNativeTarget "MyGraineUITests" */ = {
			isa = XCConfigurationList;
			buildConfigurations = (
				F3246CC127CE9D1C002CC31F /* Debug */,
				F3246CC227CE9D1C002CC31F /* Release */,
			);
			defaultConfigurationIsVisible = 0;
			defaultConfigurationName = Release;
		};
/* End XCConfigurationList section */
	};
	rootObject = F3246C8D27CE9D18002CC31F /* Project object */;
}
